
Microsoft Visual Studio Solution File, Format Version 12.00
# Visual Studio Version 17
VisualStudioVersion = 17.5.002.0
MinimumVisualStudioVersion = 10.0.40219.1
Project("{9A19103F-16F7-4668-BE54-9A1E7A4F7556}") = "RealEstate.Entities", "RealEstate.Entities\RealEstate.Entities.csproj", "{AFD15993-E3F4-41DE-866E-AFBEAFB07182}"
EndProject
Project("{9A19103F-16F7-4668-BE54-9A1E7A4F7556}") = "RealEstate.Dal", "RealEstate.Dal\RealEstate.Dal.csproj", "{30AEC2D8-A9CB-4A4C-8130-D0C4A2B301EE}"
EndProject
Project("{9A19103F-16F7-4668-BE54-9A1E7A4F7556}") = "RealEstate.Bll", "RealEstate.Bll\RealEstate.Bll.csproj", "{7D356D37-2D8B-4EA9-B77F-FF86364272D2}"
EndProject
Global
	GlobalSection(SolutionConfigurationPlatforms) = preSolution
		Debug|Any CPU = Debug|Any CPU
		Release|Any CPU = Release|Any CPU
	EndGlobalSection
	GlobalSection(ProjectConfigurationPlatforms) = postSolution
		{AFD15993-E3F4-41DE-866E-AFBEAFB07182}.Debug|Any CPU.ActiveCfg = Debug|Any CPU
		{AFD15993-E3F4-41DE-866E-AFBEAFB07182}.Debug|Any CPU.Build.0 = Debug|Any CPU
		{AFD15993-E3F4-41DE-866E-AFBEAFB07182}.Release|Any CPU.ActiveCfg = Release|Any CPU
		{AFD15993-E3F4-41DE-866E-AFBEAFB07182}.Release|Any CPU.Build.0 = Release|Any CPU
	EndGlobalSection
	GlobalSection(SolutionProperties) = preSolution
		HideSolutionNode = FALSE
	EndGlobalSection
	GlobalSection(ExtensibilityGlobals) = postSolution
		SolutionGuid = {020A6529-AC86-43E9-A0B2-A97C67205E0F}
	EndGlobalSection
EndGlobal
